{
  "name": "stylexui",
  "version": "1.0.0",
  "lockfileVersion": 3,
  "requires": true,
  "packages": {
    "": {
      "name": "stylexui",
      "version": "1.0.0",
      "license": "ISC",
      "devDependencies": {
        "dets": "^0.16.1"
      }
    },
    "node_modules/dets": {
      "version": "0.16.1",
      "resolved": "https://registry.npmjs.org/dets/-/dets-0.16.1.tgz",
      "integrity": "sha512-cjrPvy/wCmbLXjxNofHej0jHPgRr11zVXZWurSKs5Rwv8xiJSo+h6sZUtegsoUoqvDBqXVroAOmcRTCI/Bs2jw==",
      "dev": true,
      "license": "MIT",
      "bin": {
        "dets": "dist/cli.js"
      },
      "engines": {
        "node": ">=16.0.0"
      },
      "peerDependencies": {
        "typescript": "4.x || 5.x"
      }
    },
    "node_modules/typescript": {
      "version": "5.5.4",
      "resolved": "https://registry.npmjs.org/typescript/-/typescript-5.5.4.tgz",
      "integrity": "sha512-Mtq29sKDAEYP7aljRgtPOpTvOfbwRWlS6dPRzwjdE+C0R4brX/GUyhHSecbHMFLNBLcJIPt9nl9yG5TZ1weH+Q==",
      "dev": true,
      "license": "Apache-2.0",
      "peer": true,
      "bin": {
        "tsc": "bin/tsc",
        "tsserver": "bin/tsserver"
      },
      "engines": {
        "node": ">=14.17"
      }
    }
  }
}
